<?xml version="1.0" encoding="utf-8"?>
<Project ToolsVersion="4.0" xmlns="http://schemas.microsoft.com/developer/msbuild/2003">
  <ItemGroup>
    <Filter Include="Src">
      <UniqueIdentifier>{6d767994-a7fe-45d5-92d8-379bb4601048}</UniqueIdentifier>
    </Filter>
    <Filter Include="Src\Input">
      <UniqueIdentifier>{b6e9c6f1-de6a-45e0-ba98-48d499ccf6dc}</UniqueIdentifier>
    </Filter>
    <Filter Include="Src\MyMath">
      <UniqueIdentifier>{8fe9f6fb-f6f5-455d-a70b-84a9e34cdbf6}</UniqueIdentifier>
    </Filter>
    <Filter Include="Src\Player">
      <UniqueIdentifier>{07a7fc70-214c-4df5-ad0f-cac5330eaa06}</UniqueIdentifier>
    </Filter>
    <Filter Include="Src\Scene">
      <UniqueIdentifier>{1d2f3b59-8970-47c2-a75f-a7520ccdc41e}</UniqueIdentifier>
    </Filter>
    <Filter Include="Src\Collision">
      <UniqueIdentifier>{c97c867b-15b5-489d-9ea4-205cc11be1b1}</UniqueIdentifier>
    </Filter>
    <Filter Include="Src\UI">
      <UniqueIdentifier>{02a39692-c264-4c98-b570-0ec730a6147d}</UniqueIdentifier>
    </Filter>
    <Filter Include="Src\Camera">
      <UniqueIdentifier>{dc077430-5ef8-4fcc-a949-8b3a216324ce}</UniqueIdentifier>
    </Filter>
    <Filter Include="Src\Sound">
      <UniqueIdentifier>{a982e855-437f-4d7c-810a-eca4c25368c2}</UniqueIdentifier>
    </Filter>
    <Filter Include="Src\Field">
      <UniqueIdentifier>{e9b4689a-1c01-4e71-b1a6-eb42773d203d}</UniqueIdentifier>
    </Filter>
    <Filter Include="Src\Animation">
      <UniqueIdentifier>{e396653c-2d94-4099-aea4-1e16b345f757}</UniqueIdentifier>
    </Filter>
    <Filter Include="Src\Input\InputConfig">
      <UniqueIdentifier>{bf107403-1cfa-4b6a-ad3a-e40e4ee9f225}</UniqueIdentifier>
    </Filter>
    <Filter Include="Src\Input\Key">
      <UniqueIdentifier>{0d50d030-1dee-450c-a4a7-be5363a21522}</UniqueIdentifier>
    </Filter>
    <Filter Include="Src\Input\Mouse">
      <UniqueIdentifier>{296dbcb3-40b3-4026-9263-c7f70a8abac1}</UniqueIdentifier>
    </Filter>
    <Filter Include="Src\Input\Pad">
      <UniqueIdentifier>{9ceccbc3-99ea-4af8-a354-d49cb2b2b8df}</UniqueIdentifier>
    </Filter>
    <Filter Include="Src\Animation\Model">
      <UniqueIdentifier>{bda5206a-f828-44a1-9f89-1b43f36abf04}</UniqueIdentifier>
    </Filter>
    <Filter Include="Src\Field\Road">
      <UniqueIdentifier>{5bab4669-ec46-4cbd-a52c-f58ad4add3c6}</UniqueIdentifier>
    </Filter>
    <Filter Include="Src\Field\Wall">
      <UniqueIdentifier>{aeaedd0e-f900-4e4f-bd20-3f7ab3aec8a1}</UniqueIdentifier>
    </Filter>
  </ItemGroup>
  <ItemGroup>
    <ClCompile Include="Src\Camera\CameraManager.cpp">
      <Filter>Src\Camera</Filter>
    </ClCompile>
    <ClCompile Include="Src\Camera\DebugCamera.cpp">
      <Filter>Src\Camera</Filter>
    </ClCompile>
    <ClCompile Include="Src\Camera\PlayCamera.cpp">
      <Filter>Src\Camera</Filter>
    </ClCompile>
    <ClCompile Include="Src\Collision\Collision.cpp">
      <Filter>Src\Collision</Filter>
    </ClCompile>
    <ClCompile Include="Src\MyMath\MyMath.cpp">
      <Filter>Src\MyMath</Filter>
    </ClCompile>
    <ClCompile Include="Src\UI\GameUI.cpp">
      <Filter>Src\UI</Filter>
    </ClCompile>
    <ClCompile Include="Src\UI\GameUIButton.cpp">
      <Filter>Src\UI</Filter>
    </ClCompile>
    <ClCompile Include="Src\UI\GameUIManager.cpp">
      <Filter>Src\UI</Filter>
    </ClCompile>
    <ClCompile Include="Src\UI\GameUISprite.cpp">
      <Filter>Src\UI</Filter>
    </ClCompile>
    <ClCompile Include="Src\Scene\GameClearScene.cpp">
      <Filter>Src\Scene</Filter>
    </ClCompile>
    <ClCompile Include="Src\Scene\GameOverScene.cpp">
      <Filter>Src\Scene</Filter>
    </ClCompile>
    <ClCompile Include="Src\Scene\PlayScene.cpp">
      <Filter>Src\Scene</Filter>
    </ClCompile>
    <ClCompile Include="Src\Scene\SceneBase.cpp">
      <Filter>Src\Scene</Filter>
    </ClCompile>
    <ClCompile Include="Src\Scene\SceneManager.cpp">
      <Filter>Src\Scene</Filter>
    </ClCompile>
    <ClCompile Include="Src\Scene\TitleScene.cpp">
      <Filter>Src\Scene</Filter>
    </ClCompile>
    <ClCompile Include="Src\Main.cpp">
      <Filter>Src</Filter>
    </ClCompile>
    <ClCompile Include="Src\Player\Player.cpp">
      <Filter>Src\Player</Filter>
    </ClCompile>
    <ClCompile Include="Src\Player\PlayerManager.cpp">
      <Filter>Src\Player</Filter>
    </ClCompile>
    <ClCompile Include="Src\Sound\Sound.cpp">
      <Filter>Src\Sound</Filter>
    </ClCompile>
    <ClCompile Include="Src\Field\FieldManager.cpp">
      <Filter>Src\Field</Filter>
    </ClCompile>
    <ClCompile Include="Src\Animation\Animation.cpp">
      <Filter>Src\Animation</Filter>
    </ClCompile>
    <ClCompile Include="Src\Input\Input.cpp">
      <Filter>Src\Input</Filter>
    </ClCompile>
    <ClCompile Include="Src\Input\Key\Key.cpp">
      <Filter>Src\Input\Key</Filter>
    </ClCompile>
    <ClCompile Include="Src\Input\Mouse\Mouse.cpp">
      <Filter>Src\Input\Mouse</Filter>
    </ClCompile>
    <ClCompile Include="Src\Input\Pad\Pad.cpp">
      <Filter>Src\Input\Pad</Filter>
    </ClCompile>
    <ClCompile Include="Src\Animation\Model\model.cpp">
      <Filter>Src\Animation\Model</Filter>
    </ClCompile>
    <ClCompile Include="Src\Collision\CollisionManager.cpp">
      <Filter>Src\Collision</Filter>
    </ClCompile>
    <ClCompile Include="Src\Field\Road\Road.cpp">
      <Filter>Src\Field\Road</Filter>
    </ClCompile>
    <ClCompile Include="Src\Field\Wall\Wall.cpp">
      <Filter>Src\Field\Wall</Filter>
    </ClCompile>
  </ItemGroup>
  <ItemGroup>
    <ClInclude Include="Src\Camera\CameraManager.h">
      <Filter>Src\Camera</Filter>
    </ClInclude>
    <ClInclude Include="Src\Camera\DebugCamera.h">
      <Filter>Src\Camera</Filter>
    </ClInclude>
    <ClInclude Include="Src\Camera\PlayCamera.h">
      <Filter>Src\Camera</Filter>
    </ClInclude>
    <ClInclude Include="Src\Collision\Collision.h">
      <Filter>Src\Collision</Filter>
    </ClInclude>
    <ClInclude Include="Src\MyMath\MyMath.h">
      <Filter>Src\MyMath</Filter>
    </ClInclude>
    <ClInclude Include="Src\UI\GameUI.h">
      <Filter>Src\UI</Filter>
    </ClInclude>
    <ClInclude Include="Src\UI\GameUIButton.h">
      <Filter>Src\UI</Filter>
    </ClInclude>
    <ClInclude Include="Src\UI\GameUIManager.h">
      <Filter>Src\UI</Filter>
    </ClInclude>
    <ClInclude Include="Src\UI\GameUISprite.h">
      <Filter>Src\UI</Filter>
    </ClInclude>
    <ClInclude Include="Src\Scene\GameClearScene.h">
      <Filter>Src\Scene</Filter>
    </ClInclude>
    <ClInclude Include="Src\Scene\GameOverScene.h">
      <Filter>Src\Scene</Filter>
    </ClInclude>
    <ClInclude Include="Src\Scene\PlayScene.h">
      <Filter>Src\Scene</Filter>
    </ClInclude>
    <ClInclude Include="Src\Scene\SceneBase.h">
      <Filter>Src\Scene</Filter>
    </ClInclude>
    <ClInclude Include="Src\Scene\SceneManager.h">
      <Filter>Src\Scene</Filter>
    </ClInclude>
    <ClInclude Include="Src\Scene\TitleScene.h">
      <Filter>Src\Scene</Filter>
    </ClInclude>
    <ClInclude Include="Src\Common.h">
      <Filter>Src</Filter>
    </ClInclude>
    <ClInclude Include="Src\Player\Player.h">
      <Filter>Src\Player</Filter>
    </ClInclude>
    <ClInclude Include="Src\Player\PlayerManager.h">
      <Filter>Src\Player</Filter>
    </ClInclude>
    <ClInclude Include="Src\Sound\Sound.h">
      <Filter>Src\Sound</Filter>
    </ClInclude>
    <ClInclude Include="Src\Field\FieldManager.h">
      <Filter>Src\Field</Filter>
    </ClInclude>
    <ClInclude Include="Src\Animation\Animation.h">
      <Filter>Src\Animation</Filter>
    </ClInclude>
    <ClInclude Include="Src\Input\Input.h">
      <Filter>Src\Input</Filter>
    </ClInclude>
    <ClInclude Include="Src\Input\InputBase.h">
      <Filter>Src\Input</Filter>
    </ClInclude>
    <ClInclude Include="Src\Input\Key\Key.h">
      <Filter>Src\Input\Key</Filter>
    </ClInclude>
    <ClInclude Include="Src\Input\Mouse\Mouse.h">
      <Filter>Src\Input\Mouse</Filter>
    </ClInclude>
    <ClInclude Include="Src\Input\Pad\Pad.h">
      <Filter>Src\Input\Pad</Filter>
    </ClInclude>
    <ClInclude Include="Src\Animation\Model\model.h">
      <Filter>Src\Animation\Model</Filter>
    </ClInclude>
    <ClInclude Include="Src\Collision\CollisionManager.h">
      <Filter>Src\Collision</Filter>
    </ClInclude>
    <ClInclude Include="Src\Field\FieldCommon.h">
      <Filter>Src\Field</Filter>
    </ClInclude>
    <ClInclude Include="Src\Field\Road\Road.h">
      <Filter>Src\Field\Road</Filter>
    </ClInclude>
    <ClInclude Include="Src\Field\Wall\Wall.h">
      <Filter>Src\Field\Wall</Filter>
    </ClInclude>
  </ItemGroup>
</Project>